// !$*UTF8*$!
{
	archiveVersion = 1;
	classes = {
	};
	objectVersion = 48;
	objects = {

/* Begin PBXBuildFile section */
		3CE00CC7202D80830072E16E /* AppDelegate.swift in Sources */ = {isa = PBXBuildFile; fileRef = 3CE00CC6202D80830072E16E /* AppDelegate.swift */; };
		3CE00CC9202D80830072E16E /* ViewController.swift in Sources */ = {isa = PBXBuildFile; fileRef = 3CE00CC8202D80830072E16E /* ViewController.swift */; };
		3CE00CCC202D80830072E16E /* Main.storyboard in Resources */ = {isa = PBXBuildFile; fileRef = 3CE00CCA202D80830072E16E /* Main.storyboard */; };
		3CE00CCE202D80830072E16E /* Assets.xcassets in Resources */ = {isa = PBXBuildFile; fileRef = 3CE00CCD202D80830072E16E /* Assets.xcassets */; };
		3CE00CD1202D80830072E16E /* LaunchScreen.storyboard in Resources */ = {isa = PBXBuildFile; fileRef = 3CE00CCF202D80830072E16E /* LaunchScreen.storyboard */; };
		3CE00CDC202D80830072E16E /* MindwaveUIUITests.swift in Sources */ = {isa = PBXBuildFile; fileRef = 3CE00CDB202D80830072E16E /* MindwaveUIUITests.swift */; };
		3CE00CE7202D814D0072E16E /* brainwaves.jpg in Resources */ = {isa = PBXBuildFile; fileRef = 3CE00CE6202D814D0072E16E /* brainwaves.jpg */; };
		3CE00CE8202D814D0072E16E /* brainwaves.jpg in Resources */ = {isa = PBXBuildFile; fileRef = 3CE00CE6202D814D0072E16E /* brainwaves.jpg */; };
/* End PBXBuildFile section */

/* Begin PBXContainerItemProxy section */
		3CE00CD8202D80830072E16E /* PBXContainerItemProxy */ = {
			isa = PBXContainerItemProxy;
			containerPortal = 3CE00CBB202D80830072E16E /* Project object */;
			proxyType = 1;
			remoteGlobalIDString = 3CE00CC2202D80830072E16E;
			remoteInfo = MindwaveUI;
		};
/* End PBXContainerItemProxy section */

/* Begin PBXFileReference section */
		3CE00CC3202D80830072E16E /* MindwaveUI.app */ = {isa = PBXFileReference; explicitFileType = wrapper.application; includeInIndex = 0; path = MindwaveUI.app; sourceTree = BUILT_PRODUCTS_DIR; };
		3CE00CC6202D80830072E16E /* AppDelegate.swift */ = {isa = PBXFileReference; lastKnownFileType = sourcecode.swift; path = AppDelegate.swift; sourceTree = "<group>"; };
		3CE00CC8202D80830072E16E /* ViewController.swift */ = {isa = PBXFileReference; lastKnownFileType = sourcecode.swift; path = ViewController.swift; sourceTree = "<group>"; };
		3CE00CCB202D80830072E16E /* Base */ = {isa = PBXFileReference; lastKnownFileType = file.storyboard; name = Base; path = Base.lproj/Main.storyboard; sourceTree = "<group>"; };
		3CE00CCD202D80830072E16E /* Assets.xcassets */ = {isa = PBXFileReference; lastKnownFileType = folder.assetcatalog; path = Assets.xcassets; sourceTree = "<group>"; };
		3CE00CD0202D80830072E16E /* Base */ = {isa = PBXFileReference; lastKnownFileType = file.storyboard; name = Base; path = Base.lproj/LaunchScreen.storyboard; sourceTree = "<group>"; };
		3CE00CD2202D80830072E16E /* Info.plist */ = {isa = PBXFileReference; lastKnownFileType = text.plist.xml; path = Info.plist; sourceTree = "<group>"; };
		3CE00CD7202D80830072E16E /* MindwaveUIUITests.xctest */ = {isa = PBXFileReference; explicitFileType = wrapper.cfbundle; includeInIndex = 0; path = MindwaveUIUITests.xctest; sourceTree = BUILT_PRODUCTS_DIR; };
		3CE00CDB202D80830072E16E /* MindwaveUIUITests.swift */ = {isa = PBXFileReference; lastKnownFileType = sourcecode.swift; path = MindwaveUIUITests.swift; sourceTree = "<group>"; };
		3CE00CDD202D80830072E16E /* Info.plist */ = {isa = PBXFileReference; lastKnownFileType = text.plist.xml; path = Info.plist; sourceTree = "<group>"; };
		3CE00CE6202D814D0072E16E /* brainwaves.jpg */ = {isa = PBXFileReference; lastKnownFileType = image.jpeg; path = brainwaves.jpg; sourceTree = "<group>"; };
/* End PBXFileReference section */

/* Begin PBXFrameworksBuildPhase section */
		3CE00CC0202D80830072E16E /* Frameworks */ = {
			isa = PBXFrameworksBuildPhase;
			buildActionMask = 2147483647;
			files = (
			);
			runOnlyForDeploymentPostprocessing = 0;
		};
		3CE00CD4202D80830072E16E /* Frameworks */ = {
			isa = PBXFrameworksBuildPhase;
			buildActionMask = 2147483647;
			files = (
			);
			runOnlyForDeploymentPostprocessing = 0;
		};
/* End PBXFrameworksBuildPhase section */

/* Begin PBXGroup section */
		3CE00CBA202D80830072E16E = {
			isa = PBXGroup;
			children = (
				3CE00CC5202D80830072E16E /* MindwaveUI */,
				3CE00CDA202D80830072E16E /* MindwaveUIUITests */,
				3CE00CC4202D80830072E16E /* Products */,
			);
			sourceTree = "<group>";
		};
		3CE00CC4202D80830072E16E /* Products */ = {
			isa = PBXGroup;
			children = (
				3CE00CC3202D80830072E16E /* MindwaveUI.app */,
				3CE00CD7202D80830072E16E /* MindwaveUIUITests.xctest */,
			);
			name = Products;
			sourceTree = "<group>";
		};
		3CE00CC5202D80830072E16E /* MindwaveUI */ = {
			isa = PBXGroup;
			children = (
				3CE00CC6202D80830072E16E /* AppDelegate.swift */,
				3CE00CC8202D80830072E16E /* ViewController.swift */,
				3CE00CCA202D80830072E16E /* Main.storyboard */,
				3CE00CCD202D80830072E16E /* Assets.xcassets */,
				3CE00CCF202D80830072E16E /* LaunchScreen.storyboard */,
				3CE00CD2202D80830072E16E /* Info.plist */,
			);
			path = MindwaveUI;
			sourceTree = "<group>";
		};
		3CE00CDA202D80830072E16E /* MindwaveUIUITests */ = {
			isa = PBXGroup;
			children = (
				3CE00CDB202D80830072E16E /* MindwaveUIUITests.swift */,
				3CE00CDD202D80830072E16E /* Info.plist */,
				3CE00CE6202D814D0072E16E /* brainwaves.jpg */,
			);
			path = MindwaveUIUITests;
			sourceTree = "<group>";
		};
/* End PBXGroup section */

/* Begin PBXNativeTarget section */
		3CE00CC2202D80830072E16E /* MindwaveUI */ = {
			isa = PBXNativeTarget;
			buildConfigurationList = 3CE00CE0202D80830072E16E /* Build configuration list for PBXNativeTarget "MindwaveUI" */;
			buildPhases = (
				3CE00CBF202D80830072E16E /* Sources */,
				3CE00CC0202D80830072E16E /* Frameworks */,
				3CE00CC1202D80830072E16E /* Resources */,
			);
			buildRules = (
			);
			dependencies = (
			);
			name = MindwaveUI;
			productName = MindwaveUI;
			productReference = 3CE00CC3202D80830072E16E /* MindwaveUI.app */;
			productType = "com.apple.product-type.application";
		};
		3CE00CD6202D80830072E16E /* MindwaveUIUITests */ = {
			isa = PBXNativeTarget;
			buildConfigurationList = 3CE00CE3202D80830072E16E /* Build configuration list for PBXNativeTarget "MindwaveUIUITests" */;
			buildPhases = (
				3CE00CD3202D80830072E16E /* Sources */,
				3CE00CD4202D80830072E16E /* Frameworks */,
				3CE00CD5202D80830072E16E /* Resources */,
			);
			buildRules = (
			);
			dependencies = (
				3CE00CD9202D80830072E16E /* PBXTargetDependency */,
			);
			name = MindwaveUIUITests;
			productName = MindwaveUIUITests;
			productReference = 3CE00CD7202D80830072E16E /* MindwaveUIUITests.xctest */;
			productType = "com.apple.product-type.bundle.ui-testing";
		};
/* End PBXNativeTarget section */

/* Begin PBXProject section */
		3CE00CBB202D80830072E16E /* Project object */ = {
			isa = PBXProject;
			attributes = {
				LastSwiftUpdateCheck = 0920;
				LastUpgradeCheck = 0920;
				ORGANIZATIONNAME = "IOS Directed Study";
				TargetAttributes = {
					3CE00CC2202D80830072E16E = {
						CreatedOnToolsVersion = 9.2;
						ProvisioningStyle = Automatic;
					};
					3CE00CD6202D80830072E16E = {
						CreatedOnToolsVersion = 9.2;
						ProvisioningStyle = Automatic;
						TestTargetID = 3CE00CC2202D80830072E16E;
					};
				};
			};
			buildConfigurationList = 3CE00CBE202D80830072E16E /* Build configuration list for PBXProject "MindwaveUI" */;
			compatibilityVersion = "Xcode 8.0";
			developmentRegion = en;
			hasScannedForEncodings = 0;
			knownRegions = (
				en,
				Base,
			);
			mainGroup = 3CE00CBA202D80830072E16E;
			productRefGroup = 3CE00CC4202D80830072E16E /* Products */;
			projectDirPath = "";
			projectRoot = "";
			targets = (
				3CE00CC2202D80830072E16E /* MindwaveUI */,
				3CE00CD6202D80830072E16E /* MindwaveUIUITests */,
			);
		};
/* End PBXProject section */

/* Begin PBXResourcesBuildPhase section */
		3CE00CC1202D80830072E16E /* Resources */ = {
			isa = PBXResourcesBuildPhase;
			buildActionMask = 2147483647;
			files = (
				3CE00CD1202D80830072E16E /* LaunchScreen.storyboard in Resources */,
				3CE00CCE202D80830072E16E /* Assets.xcassets in Resources */,
				3CE00CCC202D80830072E16E /* Main.storyboard in Resources */,
				3CE00CE7202D814D0072E16E /* brainwaves.jpg in Resources */,
			);
			runOnlyForDeploymentPostprocessing = 0;
		};
		3CE00CD5202D80830072E16E /* Resources */ = {
			isa = PBXResourcesBuildPhase;
			buildActionMask = 2147483647;
			files = (
				3CE00CE8202D814D0072E16E /* brainwaves.jpg in Resources */,
			);
			runOnlyForDeploymentPostprocessing = 0;
		};
/* End PBXResourcesBuildPhase section */

/* Begin PBXSourcesBuildPhase section */
		3CE00CBF202D80830072E16E /* Sources */ = {
			isa = PBXSourcesBuildPhase;
			buildActionMask = 2147483647;
			files = (
				3CE00CC9202D80830072E16E /* ViewController.swift in Sources */,
				3CE00CC7202D80830072E16E /* AppDelegate.swift in Sources */,
			);
			runOnlyForDeploymentPostprocessing = 0;
		};
		3CE00CD3202D80830072E16E /* Sources */ = {
			isa = PBXSourcesBuildPhase;
			buildActionMask = 2147483647;
			files = (
				3CE00CDC202D80830072E16E /* MindwaveUIUITests.swift in Sources */,
			);
			runOnlyForDeploymentPostprocessing = 0;
		};
/* End PBXSourcesBuildPhase section */

/* Begin PBXTargetDependency section */
		3CE00CD9202D80830072E16E /* PBXTargetDependency */ = {
			isa = PBXTargetDependency;
			target = 3CE00CC2202D80830072E16E /* MindwaveUI */;
			targetProxy = 3CE00CD8202D80830072E16E /* PBXContainerItemProxy */;
		};
/* End PBXTargetDependency section */

/* Begin PBXVariantGroup section */
		3CE00CCA202D80830072E16E /* Main.storyboard */ = {
			isa = PBXVariantGroup;
			children = (
				3CE00CCB202D80830072E16E /* Base */,
			);
			name = Main.storyboard;
			sourceTree = "<group>";
		};
		3CE00CCF202D80830072E16E /* LaunchScreen.storyboard */ = {
			isa = PBXVariantGroup;
			children = (
				3CE00CD0202D80830072E16E /* Base */,
			);
			name = LaunchScreen.storyboard;
			sourceTree = "<group>";
		};
/* End PBXVariantGroup section */

/* Begin XCBuildConfiguration section */
		3CE00CDE202D80830072E16E /* Debug */ = {
			isa = XCBuildConfiguration;
			buildSettings = {
				ALWAYS_SEARCH_USER_PATHS = NO;
				CLANG_ANALYZER_NONNULL = YES;
				CLANG_ANALYZER_NUMBER_OBJECT_CONVERSION = YES_AGGRESSIVE;
				CLANG_CXX_LANGUAGE_STANDARD = "gnu++14";
				CLANG_CXX_LIBRARY = "libc++";
				CLANG_ENABLE_MODULES = YES;
				CLANG_ENABLE_OBJC_ARC = YES;
				CLANG_WARN_BLOCK_CAPTURE_AUTORELEASING = YES;
				CLANG_WARN_BOOL_CONVERSION = YES;
				CLANG_WARN_COMMA = YES;
				CLANG_WARN_CONSTANT_CONVERSION = YES;
				CLANG_WARN_DIRECT_OBJC_ISA_USAGE = YES_ERROR;
				CLANG_WARN_DOCUMENTATION_COMMENTS = YES;
				CLANG_WARN_EMPTY_BODY = YES;
				CLANG_WARN_ENUM_CONVERSION = YES;
				CLANG_WARN_INFINITE_RECURSION = YES;
				CLANG_WARN_INT_CONVERSION = YES;
				CLANG_WARN_NON_LITERAL_NULL_CONVERSION = YES;
				CLANG_WARN_OBJC_LITERAL_CONVERSION = YES;
				CLANG_WARN_OBJC_ROOT_CLASS = YES_ERROR;
				CLANG_WARN_RANGE_LOOP_ANALYSIS = YES;
				CLANG_WARN_STRICT_PROTOTYPES = YES;
				CLANG_WARN_SUSPICIOUS_MOVE = YES;
				CLANG_WARN_UNGUARDED_AVAILABILITY = YES_AGGRESSIVE;
				CLANG_WARN_UNREACHABLE_CODE = YES;
				CLANG_WARN__DUPLICATE_METHOD_MATCH = YES;
				CODE_SIGN_IDENTITY = "iPhone Developer";
				COPY_PHASE_STRIP = NO;
				DEBUG_INFORMATION_FORMAT = dwarf;
				ENABLE_STRICT_OBJC_MSGSEND = YES;
				ENABLE_TESTABILITY = YES;
				GCC_C_LANGUAGE_STANDARD = gnu11;
				GCC_DYNAMIC_NO_PIC = NO;
				GCC_NO_COMMON_BLOCKS = YES;
				GCC_OPTIMIZATION_LEVEL = 0;
				GCC_PREPROCESSOR_DEFINITIONS = (
					"DEBUG=1",
					"$(inherited)",
				);
				GCC_WARN_64_TO_32_BIT_CONVERSION = YES;
				GCC_WARN_ABOUT_RETURN_TYPE = YES_ERROR;
				GCC_WARN_UNDECLARED_SELECTOR = YES;
				GCC_WARN_UNINITIALIZED_AUTOS = YES_AGGRESSIVE;
				GCC_WARN_UNUSED_FUNCTION = YES;
				GCC_WARN_UNUSED_VARIABLE = YES;
				IPHONEOS_DEPLOYMENT_TARGET = 11.2;
				MTL_ENABLE_DEBUG_INFO = YES;
				ONLY_ACTIVE_ARCH = YES;
				SDKROOT = iphoneos;
				SWIFT_ACTIVE_COMPILATION_CONDITIONS = DEBUG;
				SWIFT_OPTIMIZATION_LEVEL = "-Onone";
			};
			name = Debug;
		};
		3CE00CDF202D80830072E16E /* Release */ = {
			isa = XCBuildConfiguration;
			buildSettings = {
				ALWAYS_SEARCH_USER_PATHS = NO;
				CLANG_ANALYZER_NONNULL = YES;
				CLANG_ANALYZER_NUMBER_OBJECT_CONVERSION = YES_AGGRESSIVE;
				CLANG_CXX_LANGUAGE_STANDARD = "gnu++14";
				CLANG_CXX_LIBRARY = "libc++";
				CLANG_ENABLE_MODULES = YES;
				CLANG_ENABLE_OBJC_ARC = YES;
				CLANG_WARN_BLOCK_CAPTURE_AUTORELEASING = YES;
				CLANG_WARN_BOOL_CONVERSION = YES;
				CLANG_WARN_COMMA = YES;
				CLANG_WARN_CONSTANT_CONVERSION = YES;
				CLANG_WARN_DIRECT_OBJC_ISA_USAGE = YES_ERROR;
				CLANG_WARN_DOCUMENTATION_COMMENTS = YES;
				CLANG_WARN_EMPTY_BODY = YES;
				CLANG_WARN_ENUM_CONVERSION = YES;
				CLANG_WARN_INFINITE_RECURSION = YES;
				CLANG_WARN_INT_CONVERSION = YES;
				CLANG_WARN_NON_LITERAL_NULL_CONVERSION = YES;
				CLANG_WARN_OBJC_LITERAL_CONVERSION = YES;
				CLANG_WARN_OBJC_ROOT_CLASS = YES_ERROR;
				CLANG_WARN_RANGE_LOOP_ANALYSIS = YES;
				CLANG_WARN_STRICT_PROTOTYPES = YES;
				CLANG_WARN_SUSPICIOUS_MOVE = YES;
				CLANG_WARN_UNGUARDED_AVAILABILITY = YES_AGGRESSIVE;
				CLANG_WARN_UNREACHABLE_CODE = YES;
				CLANG_WARN__DUPLICATE_METHOD_MATCH = YES;
				CODE_SIGN_IDENTITY = "iPhone Developer";
				COPY_PHASE_STRIP = NO;
				DEBUG_INFORMATION_FORMAT = "dwarf-with-dsym";
				ENABLE_NS_ASSERTIONS = NO;
				ENABLE_STRICT_OBJC_MSGSEND = YES;
				GCC_C_LANGUAGE_STANDARD = gnu11;
				GCC_NO_COMMON_BLOCKS = YES;
				GCC_WARN_64_TO_32_BIT_CONVERSION = YES;
				GCC_WARN_ABOUT_RETURN_TYPE = YES_ERROR;
				GCC_WARN_UNDECLARED_SELECTOR = YES;
				GCC_WARN_UNINITIALIZED_AUTOS = YES_AGGRESSIVE;
				GCC_WARN_UNUSED_FUNCTION = YES;
				GCC_WARN_UNUSED_VARIABLE = YES;
				IPHONEOS_DEPLOYMENT_TARGET = 11.2;
				MTL_ENABLE_DEBUG_INFO = NO;
				SDKROOT = iphoneos;
				SWIFT_OPTIMIZATION_LEVEL = "-Owholemodule";
				VALIDATE_PRODUCT = YES;
			};
			name = Release;
		};
		3CE00CE1202D80830072E16E /* Debug */ = {
			isa = XCBuildConfiguration;
			buildSettings = {
				ASSETCATALOG_COMPILER_APPICON_NAME = AppIcon;
				CODE_SIGN_STYLE = Automatic;
				INFOPLIST_FILE = MindwaveUI/Info.plist;
				LD_RUNPATH_SEARCH_PATHS = "$(inherited) @executable_path/Frameworks";
				PRODUCT_BUNDLE_IDENTIFIER = "IOS-Directed-Study.MindwaveUI";
				PRODUCT_NAME = "$(TARGET_NAME)";
				SWIFT_VERSION = 4.0;
				TARGETED_DEVICE_FAMILY = "1,2";
			};
			name = Debug;
		};
		3CE00CE2202D80830072E16E /* Release */ = {
			isa = XCBuildConfiguration;
			buildSettings = {
				ASSETCATALOG_COMPILER_APPICON_NAME = AppIcon;
				CODE_SIGN_STYLE = Automatic;
				INFOPLIST_FILE = MindwaveUI/Info.plist;
				LD_RUNPATH_SEARCH_PATHS = "$(inherited) @executable_path/Frameworks";
				PRODUCT_BUNDLE_IDENTIFIER = "IOS-Directed-Study.MindwaveUI";
				PRODUCT_NAME = "$(TARGET_NAME)";
				SWIFT_VERSION = 4.0;
				TARGETED_DEVICE_FAMILY = "1,2";
			};
			name = Release;
		};
		3CE00CE4202D80830072E16E /* Debug */ = {
			isa = XCBuildConfiguration;
			buildSettings = {
				ALWAYS_EMBED_SWIFT_STANDARD_LIBRARIES = YES;
				CODE_SIGN_STYLE = Automatic;
				INFOPLIST_FILE = MindwaveUIUITests/Info.plist;
				LD_RUNPATH_SEARCH_PATHS = "$(inherited) @executable_path/Frameworks @loader_path/Frameworks";
				PRODUCT_BUNDLE_IDENTIFIER = "IOS-Directed-Study.MindwaveUIUITests";
				PRODUCT_NAME = "$(TARGET_NAME)";
				SWIFT_VERSION = 4.0;
				TARGETED_DEVICE_FAMILY = "1,2";
				TEST_TARGET_NAME = MindwaveUI;
			};
			name = Debug;
		};
		3CE00CE5202D80830072E16E /* Release */ = {
			isa = XCBuildConfiguration;
			buildSettings = {
				ALWAYS_EMBED_SWIFT_STANDARD_LIBRARIES = YES;
				CODE_SIGN_STYLE = Automatic;
				INFOPLIST_FILE = MindwaveUIUITests/Info.plist;
				LD_RUNPATH_SEARCH_PATHS = "$(inherited) @executable_path/Frameworks @loader_path/Frameworks";
				PRODUCT_BUNDLE_IDENTIFIER = "IOS-Directed-Study.MindwaveUIUITests";
				PRODUCT_NAME = "$(TARGET_NAME)";
				SWIFT_VERSION = 4.0;
				TARGETED_DEVICE_FAMILY = "1,2";
				TEST_TARGET_NAME = MindwaveUI;
			};
			name = Release;
		};
/* End XCBuildConfiguration section */

/* Begin XCConfigurationList section */
		3CE00CBE202D80830072E16E /* Build configuration list for PBXProject "MindwaveUI" */ = {
			isa = XCConfigurationList;
			buildConfigurations = (
				3CE00CDE202D80830072E16E /* Debug */,
				3CE00CDF202D80830072E16E /* Release */,
			);
			defaultConfigurationIsVisible = 0;
			defaultConfigurationName = Release;
		};
		3CE00CE0202D80830072E16E /* Build configuration list for PBXNativeTarget "MindwaveUI" */ = {
			isa = XCConfigurationList;
			buildConfigurations = (
				3CE00CE1202D80830072E16E /* Debug */,
				3CE00CE2202D80830072E16E /* Release */,
			);
			defaultConfigurationIsVisible = 0;
			defaultConfigurationName = Release;
		};
		3CE00CE3202D80830072E16E /* Build configuration list for PBXNativeTarget "MindwaveUIUITests" */ = {
			isa = XCConfigurationList;
			buildConfigurations = (
				3CE00CE4202D80830072E16E /* Debug */,
				3CE00CE5202D80830072E16E /* Release */,
			);
			defaultConfigurationIsVisible = 0;
			defaultConfigurationName = Release;
		};
/* End XCConfigurationList section */
	};
	rootObject = 3CE00CBB202D80830072E16E /* Project object */;
}
